// !$*UTF8*$!
{
	archiveVersion = 1;
	classes = {
	};
	objectVersion = 56;
	objects = {

/* Begin PBXBuildFile section */
		B13103332C53EAC000806E4E /* AppDelegate.swift in Sources */ = {isa = PBXBuildFile; fileRef = B13103322C53EAC000806E4E /* AppDelegate.swift */; };
		B13103352C53EAC000806E4E /* SceneDelegate.swift in Sources */ = {isa = PBXBuildFile; fileRef = B13103342C53EAC000806E4E /* SceneDelegate.swift */; };
		B13103372C53EAC000806E4E /* PLHomeViewController.swift in Sources */ = {isa = PBXBuildFile; fileRef = B13103362C53EAC000806E4E /* PLHomeViewController.swift */; };
		B131033D2C53EAC100806E4E /* plann_er.xcdatamodeld in Sources */ = {isa = PBXBuildFile; fileRef = B131033B2C53EAC100806E4E /* plann_er.xcdatamodeld */; };
		B131033F2C53EAC200806E4E /* Assets.xcassets in Resources */ = {isa = PBXBuildFile; fileRef = B131033E2C53EAC200806E4E /* Assets.xcassets */; };
		B13103422C53EAC200806E4E /* Base in Resources */ = {isa = PBXBuildFile; fileRef = B13103412C53EAC200806E4E /* Base */; };
		B131034E2C53FDDA00806E4E /* UIView+Extension.swift in Sources */ = {isa = PBXBuildFile; fileRef = B131034D2C53FDDA00806E4E /* UIView+Extension.swift */; };
/* End PBXBuildFile section */

/* Begin PBXFileReference section */
		B131032F2C53EAC000806E4E /* plann.er.app */ = {isa = PBXFileReference; explicitFileType = wrapper.application; includeInIndex = 0; path = plann.er.app; sourceTree = BUILT_PRODUCTS_DIR; };
		B13103322C53EAC000806E4E /* AppDelegate.swift */ = {isa = PBXFileReference; lastKnownFileType = sourcecode.swift; path = AppDelegate.swift; sourceTree = "<group>"; };
		B13103342C53EAC000806E4E /* SceneDelegate.swift */ = {isa = PBXFileReference; lastKnownFileType = sourcecode.swift; path = SceneDelegate.swift; sourceTree = "<group>"; };
		B13103362C53EAC000806E4E /* PLHomeViewController.swift */ = {isa = PBXFileReference; lastKnownFileType = sourcecode.swift; path = PLHomeViewController.swift; sourceTree = "<group>"; };
		B131033C2C53EAC100806E4E /* plann_er.xcdatamodel */ = {isa = PBXFileReference; lastKnownFileType = wrapper.xcdatamodel; path = plann_er.xcdatamodel; sourceTree = "<group>"; };
		B131033E2C53EAC200806E4E /* Assets.xcassets */ = {isa = PBXFileReference; lastKnownFileType = folder.assetcatalog; path = Assets.xcassets; sourceTree = "<group>"; };
		B13103412C53EAC200806E4E /* Base */ = {isa = PBXFileReference; lastKnownFileType = file.storyboard; name = Base; path = Base.lproj/LaunchScreen.storyboard; sourceTree = "<group>"; };
		B13103432C53EAC200806E4E /* Info.plist */ = {isa = PBXFileReference; lastKnownFileType = text.plist.xml; path = Info.plist; sourceTree = "<group>"; };
		B131034D2C53FDDA00806E4E /* UIView+Extension.swift */ = {isa = PBXFileReference; lastKnownFileType = sourcecode.swift; path = "UIView+Extension.swift"; sourceTree = "<group>"; };
/* End PBXFileReference section */

/* Begin PBXFrameworksBuildPhase section */
		B131032C2C53EAC000806E4E /* Frameworks */ = {
			isa = PBXFrameworksBuildPhase;
			buildActionMask = 2147483647;
			files = (
			);
			runOnlyForDeploymentPostprocessing = 0;
		};
/* End PBXFrameworksBuildPhase section */

/* Begin PBXGroup section */
		B13103262C53EAC000806E4E = {
			isa = PBXGroup;
			children = (
				B13103312C53EAC000806E4E /* plann.er */,
				B13103302C53EAC000806E4E /* Products */,
			);
			sourceTree = "<group>";
		};
		B13103302C53EAC000806E4E /* Products */ = {
			isa = PBXGroup;
			children = (
				B131032F2C53EAC000806E4E /* plann.er.app */,
			);
			name = Products;
			sourceTree = "<group>";
		};
		B13103312C53EAC000806E4E /* plann.er */ = {
			isa = PBXGroup;
			children = (
				B131034C2C53FDBF00806E4E /* Extensions */,
				B13103492C53EF1A00806E4E /* Application */,
				B131034A2C53EF3200806E4E /* Custom */,
				B131034B2C53EF3F00806E4E /* Assets */,
				B13103432C53EAC200806E4E /* Info.plist */,
				B131033B2C53EAC100806E4E /* plann_er.xcdatamodeld */,
			);
			path = plann.er;
			sourceTree = "<group>";
		};
		B13103492C53EF1A00806E4E /* Application */ = {
			isa = PBXGroup;
			children = (
				B13103402C53EAC200806E4E /* LaunchScreen.storyboard */,
				B13103322C53EAC000806E4E /* AppDelegate.swift */,
				B13103342C53EAC000806E4E /* SceneDelegate.swift */,
			);
			path = Application;
			sourceTree = "<group>";
		};
		B131034A2C53EF3200806E4E /* Custom */ = {
			isa = PBXGroup;
			children = (
				B13103362C53EAC000806E4E /* PLHomeViewController.swift */,
			);
			path = Custom;
			sourceTree = "<group>";
		};
		B131034B2C53EF3F00806E4E /* Assets */ = {
			isa = PBXGroup;
			children = (
				B131033E2C53EAC200806E4E /* Assets.xcassets */,
			);
			path = Assets;
			sourceTree = "<group>";
		};
		B131034C2C53FDBF00806E4E /* Extensions */ = {
			isa = PBXGroup;
			children = (
				B131034D2C53FDDA00806E4E /* UIView+Extension.swift */,
			);
			name = Extensions;
			sourceTree = "<group>";
		};
/* End PBXGroup section */

/* Begin PBXNativeTarget section */
		B131032E2C53EAC000806E4E /* plann.er */ = {
			isa = PBXNativeTarget;
			buildConfigurationList = B13103462C53EAC200806E4E /* Build configuration list for PBXNativeTarget "plann.er" */;
			buildPhases = (
				B131032B2C53EAC000806E4E /* Sources */,
				B131032C2C53EAC000806E4E /* Frameworks */,
				B131032D2C53EAC000806E4E /* Resources */,
			);
			buildRules = (
			);
			dependencies = (
			);
			name = plann.er;
			productName = plann.er;
			productReference = B131032F2C53EAC000806E4E /* plann.er.app */;
			productType = "com.apple.product-type.application";
		};
/* End PBXNativeTarget section */

/* Begin PBXProject section */
		B13103272C53EAC000806E4E /* Project object */ = {
			isa = PBXProject;
			attributes = {
				BuildIndependentTargetsInParallel = 1;
				LastSwiftUpdateCheck = 1540;
				LastUpgradeCheck = 1540;
				TargetAttributes = {
					B131032E2C53EAC000806E4E = {
						CreatedOnToolsVersion = 15.4;
					};
				};
			};
			buildConfigurationList = B131032A2C53EAC000806E4E /* Build configuration list for PBXProject "plann.er" */;
			compatibilityVersion = "Xcode 14.0";
			developmentRegion = en;
			hasScannedForEncodings = 0;
			knownRegions = (
				en,
				Base,
			);
			mainGroup = B13103262C53EAC000806E4E;
			productRefGroup = B13103302C53EAC000806E4E /* Products */;
			projectDirPath = "";
			projectRoot = "";
			targets = (
				B131032E2C53EAC000806E4E /* plann.er */,
			);
		};
/* End PBXProject section */

/* Begin PBXResourcesBuildPhase section */
		B131032D2C53EAC000806E4E /* Resources */ = {
			isa = PBXResourcesBuildPhase;
			buildActionMask = 2147483647;
			files = (
				B131033F2C53EAC200806E4E /* Assets.xcassets in Resources */,
				B13103422C53EAC200806E4E /* Base in Resources */,
			);
			runOnlyForDeploymentPostprocessing = 0;
		};
/* End PBXResourcesBuildPhase section */

/* Begin PBXSourcesBuildPhase section */
		B131032B2C53EAC000806E4E /* Sources */ = {
			isa = PBXSourcesBuildPhase;
			buildActionMask = 2147483647;
			files = (
				B131033D2C53EAC100806E4E /* plann_er.xcdatamodeld in Sources */,
				B13103372C53EAC000806E4E /* PLHomeViewController.swift in Sources */,
				B13103332C53EAC000806E4E /* AppDelegate.swift in Sources */,
				B131034E2C53FDDA00806E4E /* UIView+Extension.swift in Sources */,
				B13103352C53EAC000806E4E /* SceneDelegate.swift in Sources */,
			);
			runOnlyForDeploymentPostprocessing = 0;
		};
/* End PBXSourcesBuildPhase section */

/* Begin PBXVariantGroup section */
		B13103402C53EAC200806E4E /* LaunchScreen.storyboard */ = {
			isa = PBXVariantGroup;
			children = (
				B13103412C53EAC200806E4E /* Base */,
			);
			name = LaunchScreen.storyboard;
			sourceTree = "<group>";
		};
/* End PBXVariantGroup section */

/* Begin XCBuildConfiguration section */
		B13103442C53EAC200806E4E /* Debug */ = {
			isa = XCBuildConfiguration;
			buildSettings = {
				ALWAYS_SEARCH_USER_PATHS = NO;
				ASSETCATALOG_COMPILER_GENERATE_SWIFT_ASSET_SYMBOL_EXTENSIONS = YES;
				CLANG_ANALYZER_NONNULL = YES;
				CLANG_ANALYZER_NUMBER_OBJECT_CONVERSION = YES_AGGRESSIVE;
				CLANG_CXX_LANGUAGE_STANDARD = "gnu++20";
				CLANG_ENABLE_MODULES = YES;
				CLANG_ENABLE_OBJC_ARC = YES;
				CLANG_ENABLE_OBJC_WEAK = YES;
				CLANG_WARN_BLOCK_CAPTURE_AUTORELEASING = YES;
				CLANG_WARN_BOOL_CONVERSION = YES;
				CLANG_WARN_COMMA = YES;
				CLANG_WARN_CONSTANT_CONVERSION = YES;
				CLANG_WARN_DEPRECATED_OBJC_IMPLEMENTATIONS = YES;
				CLANG_WARN_DIRECT_OBJC_ISA_USAGE = YES_ERROR;
				CLANG_WARN_DOCUMENTATION_COMMENTS = YES;
				CLANG_WARN_EMPTY_BODY = YES;
				CLANG_WARN_ENUM_CONVERSION = YES;
				CLANG_WARN_INFINITE_RECURSION = YES;
				CLANG_WARN_INT_CONVERSION = YES;
				CLANG_WARN_NON_LITERAL_NULL_CONVERSION = YES;
				CLANG_WARN_OBJC_IMPLICIT_RETAIN_SELF = YES;
				CLANG_WARN_OBJC_LITERAL_CONVERSION = YES;
				CLANG_WARN_OBJC_ROOT_CLASS = YES_ERROR;
				CLANG_WARN_QUOTED_INCLUDE_IN_FRAMEWORK_HEADER = YES;
				CLANG_WARN_RANGE_LOOP_ANALYSIS = YES;
				CLANG_WARN_STRICT_PROTOTYPES = YES;
				CLANG_WARN_SUSPICIOUS_MOVE = YES;
				CLANG_WARN_UNGUARDED_AVAILABILITY = YES_AGGRESSIVE;
				CLANG_WARN_UNREACHABLE_CODE = YES;
				CLANG_WARN__DUPLICATE_METHOD_MATCH = YES;
				COPY_PHASE_STRIP = NO;
				DEBUG_INFORMATION_FORMAT = dwarf;
				ENABLE_STRICT_OBJC_MSGSEND = YES;
				ENABLE_TESTABILITY = YES;
				ENABLE_USER_SCRIPT_SANDBOXING = YES;
				GCC_C_LANGUAGE_STANDARD = gnu17;
				GCC_DYNAMIC_NO_PIC = NO;
				GCC_NO_COMMON_BLOCKS = YES;
				GCC_OPTIMIZATION_LEVEL = 0;
				GCC_PREPROCESSOR_DEFINITIONS = (
					"DEBUG=1",
					"$(inherited)",
				);
				GCC_WARN_64_TO_32_BIT_CONVERSION = YES;
				GCC_WARN_ABOUT_RETURN_TYPE = YES_ERROR;
				GCC_WARN_UNDECLARED_SELECTOR = YES;
				GCC_WARN_UNINITIALIZED_AUTOS = YES_AGGRESSIVE;
				GCC_WARN_UNUSED_FUNCTION = YES;
				GCC_WARN_UNUSED_VARIABLE = YES;
				IPHONEOS_DEPLOYMENT_TARGET = 17.5;
				LOCALIZATION_PREFERS_STRING_CATALOGS = YES;
				MTL_ENABLE_DEBUG_INFO = INCLUDE_SOURCE;
				MTL_FAST_MATH = YES;
				ONLY_ACTIVE_ARCH = YES;
				SDKROOT = iphoneos;
				SWIFT_ACTIVE_COMPILATION_CONDITIONS = "DEBUG $(inherited)";
				SWIFT_OPTIMIZATION_LEVEL = "-Onone";
			};
			name = Debug;
		};
		B13103452C53EAC200806E4E /* Release */ = {
			isa = XCBuildConfiguration;
			buildSettings = {
				ALWAYS_SEARCH_USER_PATHS = NO;
				ASSETCATALOG_COMPILER_GENERATE_SWIFT_ASSET_SYMBOL_EXTENSIONS = YES;
				CLANG_ANALYZER_NONNULL = YES;
				CLANG_ANALYZER_NUMBER_OBJECT_CONVERSION = YES_AGGRESSIVE;
				CLANG_CXX_LANGUAGE_STANDARD = "gnu++20";
				CLANG_ENABLE_MODULES = YES;
				CLANG_ENABLE_OBJC_ARC = YES;
				CLANG_ENABLE_OBJC_WEAK = YES;
				CLANG_WARN_BLOCK_CAPTURE_AUTORELEASING = YES;
				CLANG_WARN_BOOL_CONVERSION = YES;
				CLANG_WARN_COMMA = YES;
				CLANG_WARN_CONSTANT_CONVERSION = YES;
				CLANG_WARN_DEPRECATED_OBJC_IMPLEMENTATIONS = YES;
				CLANG_WARN_DIRECT_OBJC_ISA_USAGE = YES_ERROR;
				CLANG_WARN_DOCUMENTATION_COMMENTS = YES;
				CLANG_WARN_EMPTY_BODY = YES;
				CLANG_WARN_ENUM_CONVERSION = YES;
				CLANG_WARN_INFINITE_RECURSION = YES;
				CLANG_WARN_INT_CONVERSION = YES;
				CLANG_WARN_NON_LITERAL_NULL_CONVERSION = YES;
				CLANG_WARN_OBJC_IMPLICIT_RETAIN_SELF = YES;
				CLANG_WARN_OBJC_LITERAL_CONVERSION = YES;
				CLANG_WARN_OBJC_ROOT_CLASS = YES_ERROR;
				CLANG_WARN_QUOTED_INCLUDE_IN_FRAMEWORK_HEADER = YES;
				CLANG_WARN_RANGE_LOOP_ANALYSIS = YES;
				CLANG_WARN_STRICT_PROTOTYPES = YES;
				CLANG_WARN_SUSPICIOUS_MOVE = YES;
				CLANG_WARN_UNGUARDED_AVAILABILITY = YES_AGGRESSIVE;
				CLANG_WARN_UNREACHABLE_CODE = YES;
				CLANG_WARN__DUPLICATE_METHOD_MATCH = YES;
				COPY_PHASE_STRIP = NO;
				DEBUG_INFORMATION_FORMAT = "dwarf-with-dsym";
				ENABLE_NS_ASSERTIONS = NO;
				ENABLE_STRICT_OBJC_MSGSEND = YES;
				ENABLE_USER_SCRIPT_SANDBOXING = YES;
				GCC_C_LANGUAGE_STANDARD = gnu17;
				GCC_NO_COMMON_BLOCKS = YES;
				GCC_WARN_64_TO_32_BIT_CONVERSION = YES;
				GCC_WARN_ABOUT_RETURN_TYPE = YES_ERROR;
				GCC_WARN_UNDECLARED_SELECTOR = YES;
				GCC_WARN_UNINITIALIZED_AUTOS = YES_AGGRESSIVE;
				GCC_WARN_UNUSED_FUNCTION = YES;
				GCC_WARN_UNUSED_VARIABLE = YES;
				IPHONEOS_DEPLOYMENT_TARGET = 17.5;
				LOCALIZATION_PREFERS_STRING_CATALOGS = YES;
				MTL_ENABLE_DEBUG_INFO = NO;
				MTL_FAST_MATH = YES;
				SDKROOT = iphoneos;
				SWIFT_COMPILATION_MODE = wholemodule;
				VALIDATE_PRODUCT = YES;
			};
			name = Release;
		};
		B13103472C53EAC200806E4E /* Debug */ = {
			isa = XCBuildConfiguration;
			buildSettings = {
				ASSETCATALOG_COMPILER_APPICON_NAME = AppIcon;
				ASSETCATALOG_COMPILER_GLOBAL_ACCENT_COLOR_NAME = AccentColor;
				CODE_SIGN_STYLE = Automatic;
				CURRENT_PROJECT_VERSION = 1;
				DEVELOPMENT_TEAM = QFL3TKB7D4;
				GENERATE_INFOPLIST_FILE = YES;
				INFOPLIST_FILE = plann.er/Info.plist;
				INFOPLIST_KEY_UIApplicationSupportsIndirectInputEvents = YES;
				INFOPLIST_KEY_UILaunchStoryboardName = LaunchScreen.storyboard;
				INFOPLIST_KEY_UIStatusBarStyle = UIStatusBarStyleLightContent;
				INFOPLIST_KEY_UISupportedInterfaceOrientations_iPad = "UIInterfaceOrientationPortrait UIInterfaceOrientationPortraitUpsideDown UIInterfaceOrientationLandscapeLeft UIInterfaceOrientationLandscapeRight";
				INFOPLIST_KEY_UISupportedInterfaceOrientations_iPhone = "UIInterfaceOrientationPortrait UIInterfaceOrientationLandscapeLeft UIInterfaceOrientationLandscapeRight";
				IPHONEOS_DEPLOYMENT_TARGET = 16.0;
				LD_RUNPATH_SEARCH_PATHS = (
					"$(inherited)",
					"@executable_path/Frameworks",
				);
				MARKETING_VERSION = 1.0;
				PRODUCT_BUNDLE_IDENTIFIER = "https---github.com-bertiGrazi.plann-er";
				PRODUCT_NAME = "$(TARGET_NAME)";
				SWIFT_EMIT_LOC_STRINGS = YES;
				SWIFT_VERSION = 5.0;
				TARGETED_DEVICE_FAMILY = "1,2";
			};
			name = Debug;
		};
		B13103482C53EAC200806E4E /* Release */ = {
			isa = XCBuildConfiguration;
			buildSettings = {
				ASSETCATALOG_COMPILER_APPICON_NAME = AppIcon;
				ASSETCATALOG_COMPILER_GLOBAL_ACCENT_COLOR_NAME = AccentColor;
				CODE_SIGN_STYLE = Automatic;
				CURRENT_PROJECT_VERSION = 1;
				DEVELOPMENT_TEAM = QFL3TKB7D4;
				GENERATE_INFOPLIST_FILE = YES;
				INFOPLIST_FILE = plann.er/Info.plist;
				INFOPLIST_KEY_UIApplicationSupportsIndirectInputEvents = YES;
				INFOPLIST_KEY_UILaunchStoryboardName = LaunchScreen.storyboard;
				INFOPLIST_KEY_UIStatusBarStyle = UIStatusBarStyleLightContent;
				INFOPLIST_KEY_UISupportedInterfaceOrientations_iPad = "UIInterfaceOrientationPortrait UIInterfaceOrientationPortraitUpsideDown UIInterfaceOrientationLandscapeLeft UIInterfaceOrientationLandscapeRight";
				INFOPLIST_KEY_UISupportedInterfaceOrientations_iPhone = "UIInterfaceOrientationPortrait UIInterfaceOrientationLandscapeLeft UIInterfaceOrientationLandscapeRight";
				IPHONEOS_DEPLOYMENT_TARGET = 16.0;
				LD_RUNPATH_SEARCH_PATHS = (
					"$(inherited)",
					"@executable_path/Frameworks",
				);
				MARKETING_VERSION = 1.0;
				PRODUCT_BUNDLE_IDENTIFIER = "https---github.com-bertiGrazi.plann-er";
				PRODUCT_NAME = "$(TARGET_NAME)";
				SWIFT_EMIT_LOC_STRINGS = YES;
				SWIFT_VERSION = 5.0;
				TARGETED_DEVICE_FAMILY = "1,2";
			};
			name = Release;
		};
/* End XCBuildConfiguration section */

/* Begin XCConfigurationList section */
		B131032A2C53EAC000806E4E /* Build configuration list for PBXProject "plann.er" */ = {
			isa = XCConfigurationList;
			buildConfigurations = (
				B13103442C53EAC200806E4E /* Debug */,
				B13103452C53EAC200806E4E /* Release */,
			);
			defaultConfigurationIsVisible = 0;
			defaultConfigurationName = Release;
		};
		B13103462C53EAC200806E4E /* Build configuration list for PBXNativeTarget "plann.er" */ = {
			isa = XCConfigurationList;
			buildConfigurations = (
				B13103472C53EAC200806E4E /* Debug */,
				B13103482C53EAC200806E4E /* Release */,
			);
			defaultConfigurationIsVisible = 0;
			defaultConfigurationName = Release;
		};
/* End XCConfigurationList section */

/* Begin XCVersionGroup section */
		B131033B2C53EAC100806E4E /* plann_er.xcdatamodeld */ = {
			isa = XCVersionGroup;
			children = (
				B131033C2C53EAC100806E4E /* plann_er.xcdatamodel */,
			);
			currentVersion = B131033C2C53EAC100806E4E /* plann_er.xcdatamodel */;
			path = plann_er.xcdatamodeld;
			sourceTree = "<group>";
			versionGroupType = wrapper.xcdatamodel;
		};
/* End XCVersionGroup section */
	};
	rootObject = B13103272C53EAC000806E4E /* Project object */;
}
